// !$*UTF8*$!
{
	archiveVersion = 1;
	classes = {
	};
	objectVersion = 56;
	objects = {

/* Begin PBXBuildFile section */
		27A271E32B32B36C00848409 /* AppDelegate.swift in Sources */ = {isa = PBXBuildFile; fileRef = 27A271E22B32B36C00848409 /* AppDelegate.swift */; };
		27A271E52B32B36C00848409 /* SceneDelegate.swift in Sources */ = {isa = PBXBuildFile; fileRef = 27A271E42B32B36C00848409 /* SceneDelegate.swift */; };
		27A271E72B32B36C00848409 /* ViewController.swift in Sources */ = {isa = PBXBuildFile; fileRef = 27A271E62B32B36C00848409 /* ViewController.swift */; };
		27A271EA2B32B36C00848409 /* Main.storyboard in Resources */ = {isa = PBXBuildFile; fileRef = 27A271E82B32B36C00848409 /* Main.storyboard */; };
		27A271EC2B32B36E00848409 /* Assets.xcassets in Resources */ = {isa = PBXBuildFile; fileRef = 27A271EB2B32B36E00848409 /* Assets.xcassets */; };
		27A271EF2B32B36E00848409 /* LaunchScreen.storyboard in Resources */ = {isa = PBXBuildFile; fileRef = 27A271ED2B32B36E00848409 /* LaunchScreen.storyboard */; };
		27A271FA2B32B36E00848409 /* Example1ClosuresTests.swift in Sources */ = {isa = PBXBuildFile; fileRef = 27A271F92B32B36E00848409 /* Example1ClosuresTests.swift */; };
		27A272042B32B36E00848409 /* Example1ClosuresUITests.swift in Sources */ = {isa = PBXBuildFile; fileRef = 27A272032B32B36E00848409 /* Example1ClosuresUITests.swift */; };
		27A272062B32B36E00848409 /* Example1ClosuresUITestsLaunchTests.swift in Sources */ = {isa = PBXBuildFile; fileRef = 27A272052B32B36E00848409 /* Example1ClosuresUITestsLaunchTests.swift */; };
/* End PBXBuildFile section */

/* Begin PBXContainerItemProxy section */
		27A271F62B32B36E00848409 /* PBXContainerItemProxy */ = {
			isa = PBXContainerItemProxy;
			containerPortal = 27A271D72B32B36C00848409 /* Project object */;
			proxyType = 1;
			remoteGlobalIDString = 27A271DE2B32B36C00848409;
			remoteInfo = Example1Closures;
		};
		27A272002B32B36E00848409 /* PBXContainerItemProxy */ = {
			isa = PBXContainerItemProxy;
			containerPortal = 27A271D72B32B36C00848409 /* Project object */;
			proxyType = 1;
			remoteGlobalIDString = 27A271DE2B32B36C00848409;
			remoteInfo = Example1Closures;
		};
/* End PBXContainerItemProxy section */

/* Begin PBXFileReference section */
		27A271DF2B32B36C00848409 /* Example1Closures.app */ = {isa = PBXFileReference; explicitFileType = wrapper.application; includeInIndex = 0; path = Example1Closures.app; sourceTree = BUILT_PRODUCTS_DIR; };
		27A271E22B32B36C00848409 /* AppDelegate.swift */ = {isa = PBXFileReference; lastKnownFileType = sourcecode.swift; path = AppDelegate.swift; sourceTree = "<group>"; };
		27A271E42B32B36C00848409 /* SceneDelegate.swift */ = {isa = PBXFileReference; lastKnownFileType = sourcecode.swift; path = SceneDelegate.swift; sourceTree = "<group>"; };
		27A271E62B32B36C00848409 /* ViewController.swift */ = {isa = PBXFileReference; lastKnownFileType = sourcecode.swift; path = ViewController.swift; sourceTree = "<group>"; };
		27A271E92B32B36C00848409 /* Base */ = {isa = PBXFileReference; lastKnownFileType = file.storyboard; name = Base; path = Base.lproj/Main.storyboard; sourceTree = "<group>"; };
		27A271EB2B32B36E00848409 /* Assets.xcassets */ = {isa = PBXFileReference; lastKnownFileType = folder.assetcatalog; path = Assets.xcassets; sourceTree = "<group>"; };
		27A271EE2B32B36E00848409 /* Base */ = {isa = PBXFileReference; lastKnownFileType = file.storyboard; name = Base; path = Base.lproj/LaunchScreen.storyboard; sourceTree = "<group>"; };
		27A271F02B32B36E00848409 /* Info.plist */ = {isa = PBXFileReference; lastKnownFileType = text.plist.xml; path = Info.plist; sourceTree = "<group>"; };
		27A271F52B32B36E00848409 /* Example1ClosuresTests.xctest */ = {isa = PBXFileReference; explicitFileType = wrapper.cfbundle; includeInIndex = 0; path = Example1ClosuresTests.xctest; sourceTree = BUILT_PRODUCTS_DIR; };
		27A271F92B32B36E00848409 /* Example1ClosuresTests.swift */ = {isa = PBXFileReference; lastKnownFileType = sourcecode.swift; path = Example1ClosuresTests.swift; sourceTree = "<group>"; };
		27A271FF2B32B36E00848409 /* Example1ClosuresUITests.xctest */ = {isa = PBXFileReference; explicitFileType = wrapper.cfbundle; includeInIndex = 0; path = Example1ClosuresUITests.xctest; sourceTree = BUILT_PRODUCTS_DIR; };
		27A272032B32B36E00848409 /* Example1ClosuresUITests.swift */ = {isa = PBXFileReference; lastKnownFileType = sourcecode.swift; path = Example1ClosuresUITests.swift; sourceTree = "<group>"; };
		27A272052B32B36E00848409 /* Example1ClosuresUITestsLaunchTests.swift */ = {isa = PBXFileReference; lastKnownFileType = sourcecode.swift; path = Example1ClosuresUITestsLaunchTests.swift; sourceTree = "<group>"; };
/* End PBXFileReference section */

/* Begin PBXFrameworksBuildPhase section */
		27A271DC2B32B36C00848409 /* Frameworks */ = {
			isa = PBXFrameworksBuildPhase;
			buildActionMask = 2147483647;
			files = (
			);
			runOnlyForDeploymentPostprocessing = 0;
		};
		27A271F22B32B36E00848409 /* Frameworks */ = {
			isa = PBXFrameworksBuildPhase;
			buildActionMask = 2147483647;
			files = (
			);
			runOnlyForDeploymentPostprocessing = 0;
		};
		27A271FC2B32B36E00848409 /* Frameworks */ = {
			isa = PBXFrameworksBuildPhase;
			buildActionMask = 2147483647;
			files = (
			);
			runOnlyForDeploymentPostprocessing = 0;
		};
/* End PBXFrameworksBuildPhase section */

/* Begin PBXGroup section */
		27A271D62B32B36C00848409 = {
			isa = PBXGroup;
			children = (
				27A271E12B32B36C00848409 /* Example1Closures */,
				27A271F82B32B36E00848409 /* Example1ClosuresTests */,
				27A272022B32B36E00848409 /* Example1ClosuresUITests */,
				27A271E02B32B36C00848409 /* Products */,
			);
			sourceTree = "<group>";
		};
		27A271E02B32B36C00848409 /* Products */ = {
			isa = PBXGroup;
			children = (
				27A271DF2B32B36C00848409 /* Example1Closures.app */,
				27A271F52B32B36E00848409 /* Example1ClosuresTests.xctest */,
				27A271FF2B32B36E00848409 /* Example1ClosuresUITests.xctest */,
			);
			name = Products;
			sourceTree = "<group>";
		};
		27A271E12B32B36C00848409 /* Example1Closures */ = {
			isa = PBXGroup;
			children = (
				27A271E22B32B36C00848409 /* AppDelegate.swift */,
				27A271E42B32B36C00848409 /* SceneDelegate.swift */,
				27A271E62B32B36C00848409 /* ViewController.swift */,
				27A271E82B32B36C00848409 /* Main.storyboard */,
				27A271EB2B32B36E00848409 /* Assets.xcassets */,
				27A271ED2B32B36E00848409 /* LaunchScreen.storyboard */,
				27A271F02B32B36E00848409 /* Info.plist */,
			);
			path = Example1Closures;
			sourceTree = "<group>";
		};
		27A271F82B32B36E00848409 /* Example1ClosuresTests */ = {
			isa = PBXGroup;
			children = (
				27A271F92B32B36E00848409 /* Example1ClosuresTests.swift */,
			);
			path = Example1ClosuresTests;
			sourceTree = "<group>";
		};
		27A272022B32B36E00848409 /* Example1ClosuresUITests */ = {
			isa = PBXGroup;
			children = (
				27A272032B32B36E00848409 /* Example1ClosuresUITests.swift */,
				27A272052B32B36E00848409 /* Example1ClosuresUITestsLaunchTests.swift */,
			);
			path = Example1ClosuresUITests;
			sourceTree = "<group>";
		};
/* End PBXGroup section */

/* Begin PBXNativeTarget section */
		27A271DE2B32B36C00848409 /* Example1Closures */ = {
			isa = PBXNativeTarget;
			buildConfigurationList = 27A272092B32B36E00848409 /* Build configuration list for PBXNativeTarget "Example1Closures" */;
			buildPhases = (
				27A271DB2B32B36C00848409 /* Sources */,
				27A271DC2B32B36C00848409 /* Frameworks */,
				27A271DD2B32B36C00848409 /* Resources */,
			);
			buildRules = (
			);
			dependencies = (
			);
			name = Example1Closures;
			productName = Example1Closures;
			productReference = 27A271DF2B32B36C00848409 /* Example1Closures.app */;
			productType = "com.apple.product-type.application";
		};
		27A271F42B32B36E00848409 /* Example1ClosuresTests */ = {
			isa = PBXNativeTarget;
			buildConfigurationList = 27A2720C2B32B36E00848409 /* Build configuration list for PBXNativeTarget "Example1ClosuresTests" */;
			buildPhases = (
				27A271F12B32B36E00848409 /* Sources */,
				27A271F22B32B36E00848409 /* Frameworks */,
				27A271F32B32B36E00848409 /* Resources */,
			);
			buildRules = (
			);
			dependencies = (
				27A271F72B32B36E00848409 /* PBXTargetDependency */,
			);
			name = Example1ClosuresTests;
			productName = Example1ClosuresTests;
			productReference = 27A271F52B32B36E00848409 /* Example1ClosuresTests.xctest */;
			productType = "com.apple.product-type.bundle.unit-test";
		};
		27A271FE2B32B36E00848409 /* Example1ClosuresUITests */ = {
			isa = PBXNativeTarget;
			buildConfigurationList = 27A2720F2B32B36E00848409 /* Build configuration list for PBXNativeTarget "Example1ClosuresUITests" */;
			buildPhases = (
				27A271FB2B32B36E00848409 /* Sources */,
				27A271FC2B32B36E00848409 /* Frameworks */,
				27A271FD2B32B36E00848409 /* Resources */,
			);
			buildRules = (
			);
			dependencies = (
				27A272012B32B36E00848409 /* PBXTargetDependency */,
			);
			name = Example1ClosuresUITests;
			productName = Example1ClosuresUITests;
			productReference = 27A271FF2B32B36E00848409 /* Example1ClosuresUITests.xctest */;
			productType = "com.apple.product-type.bundle.ui-testing";
		};
/* End PBXNativeTarget section */

/* Begin PBXProject section */
		27A271D72B32B36C00848409 /* Project object */ = {
			isa = PBXProject;
			attributes = {
				BuildIndependentTargetsInParallel = 1;
				LastSwiftUpdateCheck = 1510;
				LastUpgradeCheck = 1510;
				TargetAttributes = {
					27A271DE2B32B36C00848409 = {
						CreatedOnToolsVersion = 15.1;
					};
					27A271F42B32B36E00848409 = {
						CreatedOnToolsVersion = 15.1;
						TestTargetID = 27A271DE2B32B36C00848409;
					};
					27A271FE2B32B36E00848409 = {
						CreatedOnToolsVersion = 15.1;
						TestTargetID = 27A271DE2B32B36C00848409;
					};
				};
			};
			buildConfigurationList = 27A271DA2B32B36C00848409 /* Build configuration list for PBXProject "Example1Closures" */;
			compatibilityVersion = "Xcode 14.0";
			developmentRegion = en;
			hasScannedForEncodings = 0;
			knownRegions = (
				en,
				Base,
			);
			mainGroup = 27A271D62B32B36C00848409;
			productRefGroup = 27A271E02B32B36C00848409 /* Products */;
			projectDirPath = "";
			projectRoot = "";
			targets = (
				27A271DE2B32B36C00848409 /* Example1Closures */,
				27A271F42B32B36E00848409 /* Example1ClosuresTests */,
				27A271FE2B32B36E00848409 /* Example1ClosuresUITests */,
			);
		};
/* End PBXProject section */

/* Begin PBXResourcesBuildPhase section */
		27A271DD2B32B36C00848409 /* Resources */ = {
			isa = PBXResourcesBuildPhase;
			buildActionMask = 2147483647;
			files = (
				27A271EF2B32B36E00848409 /* LaunchScreen.storyboard in Resources */,
				27A271EC2B32B36E00848409 /* Assets.xcassets in Resources */,
				27A271EA2B32B36C00848409 /* Main.storyboard in Resources */,
			);
			runOnlyForDeploymentPostprocessing = 0;
		};
		27A271F32B32B36E00848409 /* Resources */ = {
			isa = PBXResourcesBuildPhase;
			buildActionMask = 2147483647;
			files = (
			);
			runOnlyForDeploymentPostprocessing = 0;
		};
		27A271FD2B32B36E00848409 /* Resources */ = {
			isa = PBXResourcesBuildPhase;
			buildActionMask = 2147483647;
			files = (
			);
			runOnlyForDeploymentPostprocessing = 0;
		};
/* End PBXResourcesBuildPhase section */

/* Begin PBXSourcesBuildPhase section */
		27A271DB2B32B36C00848409 /* Sources */ = {
			isa = PBXSourcesBuildPhase;
			buildActionMask = 2147483647;
			files = (
				27A271E72B32B36C00848409 /* ViewController.swift in Sources */,
				27A271E32B32B36C00848409 /* AppDelegate.swift in Sources */,
				27A271E52B32B36C00848409 /* SceneDelegate.swift in Sources */,
			);
			runOnlyForDeploymentPostprocessing = 0;
		};
		27A271F12B32B36E00848409 /* Sources */ = {
			isa = PBXSourcesBuildPhase;
			buildActionMask = 2147483647;
			files = (
				27A271FA2B32B36E00848409 /* Example1ClosuresTests.swift in Sources */,
			);
			runOnlyForDeploymentPostprocessing = 0;
		};
		27A271FB2B32B36E00848409 /* Sources */ = {
			isa = PBXSourcesBuildPhase;
			buildActionMask = 2147483647;
			files = (
				27A272042B32B36E00848409 /* Example1ClosuresUITests.swift in Sources */,
				27A272062B32B36E00848409 /* Example1ClosuresUITestsLaunchTests.swift in Sources */,
			);
			runOnlyForDeploymentPostprocessing = 0;
		};
/* End PBXSourcesBuildPhase section */

/* Begin PBXTargetDependency section */
		27A271F72B32B36E00848409 /* PBXTargetDependency */ = {
			isa = PBXTargetDependency;
			target = 27A271DE2B32B36C00848409 /* Example1Closures */;
			targetProxy = 27A271F62B32B36E00848409 /* PBXContainerItemProxy */;
		};
		27A272012B32B36E00848409 /* PBXTargetDependency */ = {
			isa = PBXTargetDependency;
			target = 27A271DE2B32B36C00848409 /* Example1Closures */;
			targetProxy = 27A272002B32B36E00848409 /* PBXContainerItemProxy */;
		};
/* End PBXTargetDependency section */

/* Begin PBXVariantGroup section */
		27A271E82B32B36C00848409 /* Main.storyboard */ = {
			isa = PBXVariantGroup;
			children = (
				27A271E92B32B36C00848409 /* Base */,
			);
			name = Main.storyboard;
			sourceTree = "<group>";
		};
		27A271ED2B32B36E00848409 /* LaunchScreen.storyboard */ = {
			isa = PBXVariantGroup;
			children = (
				27A271EE2B32B36E00848409 /* Base */,
			);
			name = LaunchScreen.storyboard;
			sourceTree = "<group>";
		};
/* End PBXVariantGroup section */

/* Begin XCBuildConfiguration section */
		27A272072B32B36E00848409 /* Debug */ = {
			isa = XCBuildConfiguration;
			buildSettings = {
				ALWAYS_SEARCH_USER_PATHS = NO;
				ASSETCATALOG_COMPILER_GENERATE_SWIFT_ASSET_SYMBOL_EXTENSIONS = YES;
				CLANG_ANALYZER_NONNULL = YES;
				CLANG_ANALYZER_NUMBER_OBJECT_CONVERSION = YES_AGGRESSIVE;
				CLANG_CXX_LANGUAGE_STANDARD = "gnu++20";
				CLANG_ENABLE_MODULES = YES;
				CLANG_ENABLE_OBJC_ARC = YES;
				CLANG_ENABLE_OBJC_WEAK = YES;
				CLANG_WARN_BLOCK_CAPTURE_AUTORELEASING = YES;
				CLANG_WARN_BOOL_CONVERSION = YES;
				CLANG_WARN_COMMA = YES;
				CLANG_WARN_CONSTANT_CONVERSION = YES;
				CLANG_WARN_DEPRECATED_OBJC_IMPLEMENTATIONS = YES;
				CLANG_WARN_DIRECT_OBJC_ISA_USAGE = YES_ERROR;
				CLANG_WARN_DOCUMENTATION_COMMENTS = YES;
				CLANG_WARN_EMPTY_BODY = YES;
				CLANG_WARN_ENUM_CONVERSION = YES;
				CLANG_WARN_INFINITE_RECURSION = YES;
				CLANG_WARN_INT_CONVERSION = YES;
				CLANG_WARN_NON_LITERAL_NULL_CONVERSION = YES;
				CLANG_WARN_OBJC_IMPLICIT_RETAIN_SELF = YES;
				CLANG_WARN_OBJC_LITERAL_CONVERSION = YES;
				CLANG_WARN_OBJC_ROOT_CLASS = YES_ERROR;
				CLANG_WARN_QUOTED_INCLUDE_IN_FRAMEWORK_HEADER = YES;
				CLANG_WARN_RANGE_LOOP_ANALYSIS = YES;
				CLANG_WARN_STRICT_PROTOTYPES = YES;
				CLANG_WARN_SUSPICIOUS_MOVE = YES;
				CLANG_WARN_UNGUARDED_AVAILABILITY = YES_AGGRESSIVE;
				CLANG_WARN_UNREACHABLE_CODE = YES;
				CLANG_WARN__DUPLICATE_METHOD_MATCH = YES;
				COPY_PHASE_STRIP = NO;
				DEBUG_INFORMATION_FORMAT = dwarf;
				ENABLE_STRICT_OBJC_MSGSEND = YES;
				ENABLE_TESTABILITY = YES;
				ENABLE_USER_SCRIPT_SANDBOXING = YES;
				GCC_C_LANGUAGE_STANDARD = gnu17;
				GCC_DYNAMIC_NO_PIC = NO;
				GCC_NO_COMMON_BLOCKS = YES;
				GCC_OPTIMIZATION_LEVEL = 0;
				GCC_PREPROCESSOR_DEFINITIONS = (
					"DEBUG=1",
					"$(inherited)",
				);
				GCC_WARN_64_TO_32_BIT_CONVERSION = YES;
				GCC_WARN_ABOUT_RETURN_TYPE = YES_ERROR;
				GCC_WARN_UNDECLARED_SELECTOR = YES;
				GCC_WARN_UNINITIALIZED_AUTOS = YES_AGGRESSIVE;
				GCC_WARN_UNUSED_FUNCTION = YES;
				GCC_WARN_UNUSED_VARIABLE = YES;
				IPHONEOS_DEPLOYMENT_TARGET = 17.2;
				LOCALIZATION_PREFERS_STRING_CATALOGS = YES;
				MTL_ENABLE_DEBUG_INFO = INCLUDE_SOURCE;
				MTL_FAST_MATH = YES;
				ONLY_ACTIVE_ARCH = YES;
				SDKROOT = iphoneos;
				SWIFT_ACTIVE_COMPILATION_CONDITIONS = "DEBUG $(inherited)";
				SWIFT_OPTIMIZATION_LEVEL = "-Onone";
			};
			name = Debug;
		};
		27A272082B32B36E00848409 /* Release */ = {
			isa = XCBuildConfiguration;
			buildSettings = {
				ALWAYS_SEARCH_USER_PATHS = NO;
				ASSETCATALOG_COMPILER_GENERATE_SWIFT_ASSET_SYMBOL_EXTENSIONS = YES;
				CLANG_ANALYZER_NONNULL = YES;
				CLANG_ANALYZER_NUMBER_OBJECT_CONVERSION = YES_AGGRESSIVE;
				CLANG_CXX_LANGUAGE_STANDARD = "gnu++20";
				CLANG_ENABLE_MODULES = YES;
				CLANG_ENABLE_OBJC_ARC = YES;
				CLANG_ENABLE_OBJC_WEAK = YES;
				CLANG_WARN_BLOCK_CAPTURE_AUTORELEASING = YES;
				CLANG_WARN_BOOL_CONVERSION = YES;
				CLANG_WARN_COMMA = YES;
				CLANG_WARN_CONSTANT_CONVERSION = YES;
				CLANG_WARN_DEPRECATED_OBJC_IMPLEMENTATIONS = YES;
				CLANG_WARN_DIRECT_OBJC_ISA_USAGE = YES_ERROR;
				CLANG_WARN_DOCUMENTATION_COMMENTS = YES;
				CLANG_WARN_EMPTY_BODY = YES;
				CLANG_WARN_ENUM_CONVERSION = YES;
				CLANG_WARN_INFINITE_RECURSION = YES;
				CLANG_WARN_INT_CONVERSION = YES;
				CLANG_WARN_NON_LITERAL_NULL_CONVERSION = YES;
				CLANG_WARN_OBJC_IMPLICIT_RETAIN_SELF = YES;
				CLANG_WARN_OBJC_LITERAL_CONVERSION = YES;
				CLANG_WARN_OBJC_ROOT_CLASS = YES_ERROR;
				CLANG_WARN_QUOTED_INCLUDE_IN_FRAMEWORK_HEADER = YES;
				CLANG_WARN_RANGE_LOOP_ANALYSIS = YES;
				CLANG_WARN_STRICT_PROTOTYPES = YES;
				CLANG_WARN_SUSPICIOUS_MOVE = YES;
				CLANG_WARN_UNGUARDED_AVAILABILITY = YES_AGGRESSIVE;
				CLANG_WARN_UNREACHABLE_CODE = YES;
				CLANG_WARN__DUPLICATE_METHOD_MATCH = YES;
				COPY_PHASE_STRIP = NO;
				DEBUG_INFORMATION_FORMAT = "dwarf-with-dsym";
				ENABLE_NS_ASSERTIONS = NO;
				ENABLE_STRICT_OBJC_MSGSEND = YES;
				ENABLE_USER_SCRIPT_SANDBOXING = YES;
				GCC_C_LANGUAGE_STANDARD = gnu17;
				GCC_NO_COMMON_BLOCKS = YES;
				GCC_WARN_64_TO_32_BIT_CONVERSION = YES;
				GCC_WARN_ABOUT_RETURN_TYPE = YES_ERROR;
				GCC_WARN_UNDECLARED_SELECTOR = YES;
				GCC_WARN_UNINITIALIZED_AUTOS = YES_AGGRESSIVE;
				GCC_WARN_UNUSED_FUNCTION = YES;
				GCC_WARN_UNUSED_VARIABLE = YES;
				IPHONEOS_DEPLOYMENT_TARGET = 17.2;
				LOCALIZATION_PREFERS_STRING_CATALOGS = YES;
				MTL_ENABLE_DEBUG_INFO = NO;
				MTL_FAST_MATH = YES;
				SDKROOT = iphoneos;
				SWIFT_COMPILATION_MODE = wholemodule;
				VALIDATE_PRODUCT = YES;
			};
			name = Release;
		};
		27A2720A2B32B36E00848409 /* Debug */ = {
			isa = XCBuildConfiguration;
			buildSettings = {
				ASSETCATALOG_COMPILER_APPICON_NAME = AppIcon;
				ASSETCATALOG_COMPILER_GLOBAL_ACCENT_COLOR_NAME = AccentColor;
				CODE_SIGN_STYLE = Automatic;
				CURRENT_PROJECT_VERSION = 1;
				DEVELOPMENT_TEAM = PWK5WLZ6R6;
				GENERATE_INFOPLIST_FILE = YES;
				INFOPLIST_FILE = Example1Closures/Info.plist;
				INFOPLIST_KEY_UIApplicationSupportsIndirectInputEvents = YES;
				INFOPLIST_KEY_UILaunchStoryboardName = LaunchScreen;
				INFOPLIST_KEY_UIMainStoryboardFile = Main;
				INFOPLIST_KEY_UISupportedInterfaceOrientations_iPad = "UIInterfaceOrientationPortrait UIInterfaceOrientationPortraitUpsideDown UIInterfaceOrientationLandscapeLeft UIInterfaceOrientationLandscapeRight";
				INFOPLIST_KEY_UISupportedInterfaceOrientations_iPhone = "UIInterfaceOrientationPortrait UIInterfaceOrientationLandscapeLeft UIInterfaceOrientationLandscapeRight";
				LD_RUNPATH_SEARCH_PATHS = (
					"$(inherited)",
					"@executable_path/Frameworks",
				);
				MARKETING_VERSION = 1.0;
				PRODUCT_BUNDLE_IDENTIFIER = com.LearningSample.Example1Closures;
				PRODUCT_NAME = "$(TARGET_NAME)";
				SWIFT_EMIT_LOC_STRINGS = YES;
				SWIFT_VERSION = 5.0;
				TARGETED_DEVICE_FAMILY = "1,2";
			};
			name = Debug;
		};
		27A2720B2B32B36E00848409 /* Release */ = {
			isa = XCBuildConfiguration;
			buildSettings = {
				ASSETCATALOG_COMPILER_APPICON_NAME = AppIcon;
				ASSETCATALOG_COMPILER_GLOBAL_ACCENT_COLOR_NAME = AccentColor;
				CODE_SIGN_STYLE = Automatic;
				CURRENT_PROJECT_VERSION = 1;
				DEVELOPMENT_TEAM = PWK5WLZ6R6;
				GENERATE_INFOPLIST_FILE = YES;
				INFOPLIST_FILE = Example1Closures/Info.plist;
				INFOPLIST_KEY_UIApplicationSupportsIndirectInputEvents = YES;
				INFOPLIST_KEY_UILaunchStoryboardName = LaunchScreen;
				INFOPLIST_KEY_UIMainStoryboardFile = Main;
				INFOPLIST_KEY_UISupportedInterfaceOrientations_iPad = "UIInterfaceOrientationPortrait UIInterfaceOrientationPortraitUpsideDown UIInterfaceOrientationLandscapeLeft UIInterfaceOrientationLandscapeRight";
				INFOPLIST_KEY_UISupportedInterfaceOrientations_iPhone = "UIInterfaceOrientationPortrait UIInterfaceOrientationLandscapeLeft UIInterfaceOrientationLandscapeRight";
				LD_RUNPATH_SEARCH_PATHS = (
					"$(inherited)",
					"@executable_path/Frameworks",
				);
				MARKETING_VERSION = 1.0;
				PRODUCT_BUNDLE_IDENTIFIER = com.LearningSample.Example1Closures;
				PRODUCT_NAME = "$(TARGET_NAME)";
				SWIFT_EMIT_LOC_STRINGS = YES;
				SWIFT_VERSION = 5.0;
				TARGETED_DEVICE_FAMILY = "1,2";
			};
			name = Release;
		};
		27A2720D2B32B36E00848409 /* Debug */ = {
			isa = XCBuildConfiguration;
			buildSettings = {
				ALWAYS_EMBED_SWIFT_STANDARD_LIBRARIES = YES;
				BUNDLE_LOADER = "$(TEST_HOST)";
				CODE_SIGN_STYLE = Automatic;
				CURRENT_PROJECT_VERSION = 1;
				DEVELOPMENT_TEAM = PWK5WLZ6R6;
				GENERATE_INFOPLIST_FILE = YES;
				IPHONEOS_DEPLOYMENT_TARGET = 17.2;
				MARKETING_VERSION = 1.0;
				PRODUCT_BUNDLE_IDENTIFIER = com.LearningSample.Example1ClosuresTests;
				PRODUCT_NAME = "$(TARGET_NAME)";
				SWIFT_EMIT_LOC_STRINGS = NO;
				SWIFT_VERSION = 5.0;
				TARGETED_DEVICE_FAMILY = "1,2";
				TEST_HOST = "$(BUILT_PRODUCTS_DIR)/Example1Closures.app/$(BUNDLE_EXECUTABLE_FOLDER_PATH)/Example1Closures";
			};
			name = Debug;
		};
		27A2720E2B32B36E00848409 /* Release */ = {
			isa = XCBuildConfiguration;
			buildSettings = {
				ALWAYS_EMBED_SWIFT_STANDARD_LIBRARIES = YES;
				BUNDLE_LOADER = "$(TEST_HOST)";
				CODE_SIGN_STYLE = Automatic;
				CURRENT_PROJECT_VERSION = 1;
				DEVELOPMENT_TEAM = PWK5WLZ6R6;
				GENERATE_INFOPLIST_FILE = YES;
				IPHONEOS_DEPLOYMENT_TARGET = 17.2;
				MARKETING_VERSION = 1.0;
				PRODUCT_BUNDLE_IDENTIFIER = com.LearningSample.Example1ClosuresTests;
				PRODUCT_NAME = "$(TARGET_NAME)";
				SWIFT_EMIT_LOC_STRINGS = NO;
				SWIFT_VERSION = 5.0;
				TARGETED_DEVICE_FAMILY = "1,2";
				TEST_HOST = "$(BUILT_PRODUCTS_DIR)/Example1Closures.app/$(BUNDLE_EXECUTABLE_FOLDER_PATH)/Example1Closures";
			};
			name = Release;
		};
		27A272102B32B36E00848409 /* Debug */ = {
			isa = XCBuildConfiguration;
			buildSettings = {
				ALWAYS_EMBED_SWIFT_STANDARD_LIBRARIES = YES;
				CODE_SIGN_STYLE = Automatic;
				CURRENT_PROJECT_VERSION = 1;
				DEVELOPMENT_TEAM = PWK5WLZ6R6;
				GENERATE_INFOPLIST_FILE = YES;
				MARKETING_VERSION = 1.0;
				PRODUCT_BUNDLE_IDENTIFIER = com.LearningSample.Example1ClosuresUITests;
				PRODUCT_NAME = "$(TARGET_NAME)";
				SWIFT_EMIT_LOC_STRINGS = NO;
				SWIFT_VERSION = 5.0;
				TARGETED_DEVICE_FAMILY = "1,2";
				TEST_TARGET_NAME = Example1Closures;
			};
			name = Debug;
		};
		27A272112B32B36E00848409 /* Release */ = {
			isa = XCBuildConfiguration;
			buildSettings = {
				ALWAYS_EMBED_SWIFT_STANDARD_LIBRARIES = YES;
				CODE_SIGN_STYLE = Automatic;
				CURRENT_PROJECT_VERSION = 1;
				DEVELOPMENT_TEAM = PWK5WLZ6R6;
				GENERATE_INFOPLIST_FILE = YES;
				MARKETING_VERSION = 1.0;
				PRODUCT_BUNDLE_IDENTIFIER = com.LearningSample.Example1ClosuresUITests;
				PRODUCT_NAME = "$(TARGET_NAME)";
				SWIFT_EMIT_LOC_STRINGS = NO;
				SWIFT_VERSION = 5.0;
				TARGETED_DEVICE_FAMILY = "1,2";
				TEST_TARGET_NAME = Example1Closures;
			};
			name = Release;
		};
/* End XCBuildConfiguration section */

/* Begin XCConfigurationList section */
		27A271DA2B32B36C00848409 /* Build configuration list for PBXProject "Example1Closures" */ = {
			isa = XCConfigurationList;
			buildConfigurations = (
				27A272072B32B36E00848409 /* Debug */,
				27A272082B32B36E00848409 /* Release */,
			);
			defaultConfigurationIsVisible = 0;
			defaultConfigurationName = Release;
		};
		27A272092B32B36E00848409 /* Build configuration list for PBXNativeTarget "Example1Closures" */ = {
			isa = XCConfigurationList;
			buildConfigurations = (
				27A2720A2B32B36E00848409 /* Debug */,
				27A2720B2B32B36E00848409 /* Release */,
			);
			defaultConfigurationIsVisible = 0;
			defaultConfigurationName = Release;
		};
		27A2720C2B32B36E00848409 /* Build configuration list for PBXNativeTarget "Example1ClosuresTests" */ = {
			isa = XCConfigurationList;
			buildConfigurations = (
				27A2720D2B32B36E00848409 /* Debug */,
				27A2720E2B32B36E00848409 /* Release */,
			);
			defaultConfigurationIsVisible = 0;
			defaultConfigurationName = Release;
		};
		27A2720F2B32B36E00848409 /* Build configuration list for PBXNativeTarget "Example1ClosuresUITests" */ = {
			isa = XCConfigurationList;
			buildConfigurations = (
				27A272102B32B36E00848409 /* Debug */,
				27A272112B32B36E00848409 /* Release */,
			);
			defaultConfigurationIsVisible = 0;
			defaultConfigurationName = Release;
		};
/* End XCConfigurationList section */
	};
	rootObject = 27A271D72B32B36C00848409 /* Project object */;
}
